
Microsoft Visual Studio Solution File, Format Version 12.00
# Visual Studio Version 16
VisualStudioVersion = 16.0.810.7
MinimumVisualStudioVersion = 10.0.40219.1
Project("{FAE04EC0-301F-11D3-BF4B-00C04F79EFBC}") = "EndeavourDemo", "EndeavourDemo\EndeavourDemo.csproj", "{94D7DCD2-94BB-4D25-B8F8-344EDAD3D5AF}"
EndProject
Global
	GlobalSection(SolutionConfigurationPlatforms) = preSolution
		Debug|Any CPU = Debug|Any CPU
		Release|Any CPU = Release|Any CPU
	EndGlobalSection
	GlobalSection(ProjectConfigurationPlatforms) = postSolution
		{94D7DCD2-94BB-4D25-B8F8-344EDAD3D5AF}.Debug|Any CPU.ActiveCfg = Debug|Any CPU
		{94D7DCD2-94BB-4D25-B8F8-344EDAD3D5AF}.Debug|Any CPU.Build.0 = Debug|Any CPU
		{94D7DCD2-94BB-4D25-B8F8-344EDAD3D5AF}.Release|Any CPU.ActiveCfg = Release|Any CPU
		{94D7DCD2-94BB-4D25-B8F8-344EDAD3D5AF}.Release|Any CPU.Build.0 = Release|Any CPU
	EndGlobalSection
	GlobalSection(SolutionProperties) = preSolution
		HideSolutionNode = FALSE
	EndGlobalSection
	GlobalSection(ExtensibilityGlobals) = postSolution
		SolutionGuid = {6D15BCC7-C11F-4F7C-9606-DC1C36367A12}
	EndGlobalSection
EndGlobal
